Microsoft Visual Studio Solution File, Format Version 12.00
# Visual Studio Version 17
VisualStudioVersion = 17.5.2.0
MinimumVisualStudioVersion = 10.0.40219.1
Project("{FAE04EC0-301F-11D3-BF4B-00C04F79EFBC}") = "CrudUsuarios", "CrudUsuarios\CrudUsuarios.csproj", "{493775CC-3F1B-A4AF-36E3-05745907F33B}"
EndProject
Global
	GlobalSection(SolutionConfigurationPlatforms) = preSolution
		Debug|Any CPU = Debug|Any CPU
		Release|Any CPU = Release|Any CPU
	EndGlobalSection
	GlobalSection(ProjectConfigurationPlatforms) = postSolution
		{493775CC-3F1B-A4AF-36E3-05745907F33B}.Debug|Any CPU.ActiveCfg = Debug|Any CPU
		{493775CC-3F1B-A4AF-36E3-05745907F33B}.Debug|Any CPU.Build.0 = Debug|Any CPU
		{493775CC-3F1B-A4AF-36E3-05745907F33B}.Release|Any CPU.ActiveCfg = Release|Any CPU
		{493775CC-3F1B-A4AF-36E3-05745907F33B}.Release|Any CPU.Build.0 = Release|Any CPU
	EndGlobalSection
	GlobalSection(SolutionProperties) = preSolution
		HideSolutionNode = FALSE
	EndGlobalSection
	GlobalSection(ExtensibilityGlobals) = postSolution
		SolutionGuid = {28F5029B-884D-492D-A358-5C43412CD2B0}
	EndGlobalSection
EndGlobal
